
Microsoft Visual Studio Solution File, Format Version 12.00
# Visual Studio Version 17
VisualStudioVersion = 17.10.34928.147
MinimumVisualStudioVersion = 10.0.40219.1
Project("{FAE04EC0-301F-11D3-BF4B-00C04F79EFBC}") = "form-app", "form-app\form-app.csproj", "{79E55A82-81A6-4B55-9FAD-A643196B246B}"
EndProject
Global
	GlobalSection(SolutionConfigurationPlatforms) = preSolution
		Debug|Any CPU = Debug|Any CPU
		Release|Any CPU = Release|Any CPU
	EndGlobalSection
	GlobalSection(ProjectConfigurationPlatforms) = postSolution
		{79E55A82-81A6-4B55-9FAD-A643196B246B}.Debug|Any CPU.ActiveCfg = Debug|Any CPU
		{79E55A82-81A6-4B55-9FAD-A643196B246B}.Debug|Any CPU.Build.0 = Debug|Any CPU
		{79E55A82-81A6-4B55-9FAD-A643196B246B}.Release|Any CPU.ActiveCfg = Release|Any CPU
		{79E55A82-81A6-4B55-9FAD-A643196B246B}.Release|Any CPU.Build.0 = Release|Any CPU
	EndGlobalSection
	GlobalSection(SolutionProperties) = preSolution
		HideSolutionNode = FALSE
	EndGlobalSection
	GlobalSection(ExtensibilityGlobals) = postSolution
		SolutionGuid = {19583470-13A2-4D0B-806D-C7E902A3F0E4}
	EndGlobalSection
EndGlobal
